
Microsoft Visual Studio Solution File, Format Version 12.00
# Visual Studio Version 16
VisualStudioVersion = 16.0.29613.14
MinimumVisualStudioVersion = 10.0.40219.1
Project("{9A19103F-16F7-4668-BE54-9A1E7A4F7556}") = "RegistroTests", "RegistroTests.csproj", "{9AF7DB27-6B6A-486B-B911-BC4C45780C02}"
EndProject
Global
	GlobalSection(SolutionConfigurationPlatforms) = preSolution
		Debug|Any CPU = Debug|Any CPU
		Release|Any CPU = Release|Any CPU
	EndGlobalSection
	GlobalSection(ProjectConfigurationPlatforms) = postSolution
		{9AF7DB27-6B6A-486B-B911-BC4C45780C02}.Debug|Any CPU.ActiveCfg = Debug|Any CPU
		{9AF7DB27-6B6A-486B-B911-BC4C45780C02}.Debug|Any CPU.Build.0 = Debug|Any CPU
		{9AF7DB27-6B6A-486B-B911-BC4C45780C02}.Release|Any CPU.ActiveCfg = Release|Any CPU
		{9AF7DB27-6B6A-486B-B911-BC4C45780C02}.Release|Any CPU.Build.0 = Release|Any CPU
	EndGlobalSection
	GlobalSection(SolutionProperties) = preSolution
		HideSolutionNode = FALSE
	EndGlobalSection
	GlobalSection(ExtensibilityGlobals) = postSolution
		SolutionGuid = {0F6C72CC-B5A9-4E21-8C38-60DD4C9C1CF0}
	EndGlobalSection
EndGlobal
